{
  "name": "webclinica",
  "lockfileVersion": 3,
  "requires": true,
  "packages": {
    "": {
      "dependencies": {
        "jsn": "^0.0.5",
        "json": "^11.0.0"
      }
    },
    "node_modules/jsn": {
      "version": "0.0.5",
      "resolved": "https://registry.npmjs.org/jsn/-/jsn-0.0.5.tgz",
      "integrity": "sha512-7f7+x2x4B+VTYbOMksARDPa7VRESYaO4/Nkbyd/N3FIIAiW1/TiDFs2xYAtObONRJ1pzNbma4L+x9eiOFlEu1Q==",
      "engines": {
        "node": ">= 0.8.x",
        "npm": ">= 1.1.x"
      }
    },
    "node_modules/json": {
      "version": "11.0.0",
      "resolved": "https://registry.npmjs.org/json/-/json-11.0.0.tgz",
      "integrity": "sha512-N/ITv3Yw9Za8cGxuQqSqrq6RHnlaHWZkAFavcfpH/R52522c26EbihMxnY7A1chxfXJ4d+cEFIsyTgfi9GihrA==",
      "bin": {
        "json": "lib/json.js"
      },
      "engines": {
        "node": ">=0.10.0"
      }
    }
  }
}
